github.com/go-cnfg/cnfg v0.1.0 h1:1PdE0SiWmmAlIVJfZ9gSDn6wfD8bQkiYSXf7wV7UoKg=
github.com/go-cnfg/cnfg v0.1.0/go.mod h1:RjJ4efQ8jSj2f+YIa/cE1xhGN5oy4/BSFNzrIdTnl3g=
go.yaml.in/yaml/v3 v3.0.5 h1:N6y/pJk8buWs9NY5ERU2HSMfm+IuD/OtfdAnq6kESPw=
go.yaml.in/yaml/v3 v3.0.5/go.mod h1:HVTZu1O7/Vkt2N+BFy8Zza+lnLsABggaTM2ZpNIGuKg=
